
Microsoft Visual Studio Solution File, Format Version 12.00
# Visual Studio Version 17
VisualStudioVersion = 17.11.35312.102
MinimumVisualStudioVersion = 10.0.40219.1
Project("{FAE04EC0-301F-11D3-BF4B-00C04F79EFBC}") = "MusicPlayer", "MusicPlayer\MusicPlayer.csproj", "{059C4B4C-6A31-4B7C-AC8F-615BF81415AB}"
EndProject
Global
	GlobalSection(SolutionConfigurationPlatforms) = preSolution
		Debug|Any CPU = Debug|Any CPU
		Release|Any CPU = Release|Any CPU
	EndGlobalSection
	GlobalSection(ProjectConfigurationPlatforms) = postSolution
		{059C4B4C-6A31-4B7C-AC8F-615BF81415AB}.Debug|Any CPU.ActiveCfg = Debug|Any CPU
		{059C4B4C-6A31-4B7C-AC8F-615BF81415AB}.Debug|Any CPU.Build.0 = Debug|Any CPU
		{059C4B4C-6A31-4B7C-AC8F-615BF81415AB}.Release|Any CPU.ActiveCfg = Release|Any CPU
		{059C4B4C-6A31-4B7C-AC8F-615BF81415AB}.Release|Any CPU.Build.0 = Release|Any CPU
	EndGlobalSection
	GlobalSection(SolutionProperties) = preSolution
		HideSolutionNode = FALSE
	EndGlobalSection
	GlobalSection(ExtensibilityGlobals) = postSolution
		SolutionGuid = {A88C1EFE-9C7A-417A-8ADD-D0386C5D9992}
	EndGlobalSection
EndGlobal
